
Microsoft Visual Studio Solution File, Format Version 12.00
# Visual Studio Version 17
VisualStudioVersion = 17.9.34728.123
MinimumVisualStudioVersion = 10.0.40219.1
Project("{FAE04EC0-301F-11D3-BF4B-00C04F79EFBC}") = "YangSpace", "YangSpace\YangSpace.csproj", "{8B87FE66-71DC-44AC-BE70-A484BD19610F}"
EndProject
Global
	GlobalSection(SolutionConfigurationPlatforms) = preSolution
		Debug|Any CPU = Debug|Any CPU
		Release|Any CPU = Release|Any CPU
	EndGlobalSection
	GlobalSection(ProjectConfigurationPlatforms) = postSolution
		{8B87FE66-71DC-44AC-BE70-A484BD19610F}.Debug|Any CPU.ActiveCfg = Debug|Any CPU
		{8B87FE66-71DC-44AC-BE70-A484BD19610F}.Debug|Any CPU.Build.0 = Debug|Any CPU
		{8B87FE66-71DC-44AC-BE70-A484BD19610F}.Release|Any CPU.ActiveCfg = Release|Any CPU
		{8B87FE66-71DC-44AC-BE70-A484BD19610F}.Release|Any CPU.Build.0 = Release|Any CPU
	EndGlobalSection
	GlobalSection(SolutionProperties) = preSolution
		HideSolutionNode = FALSE
	EndGlobalSection
	GlobalSection(ExtensibilityGlobals) = postSolution
		SolutionGuid = {3E391882-1297-491C-B4D5-818AA634B2FF}
	EndGlobalSection
EndGlobal
